
Microsoft Visual Studio Solution File, Format Version 12.00
# Visual Studio Version 17
VisualStudioVersion = 17.11.35312.102
MinimumVisualStudioVersion = 10.0.40219.1
Project("{FAE04EC0-301F-11D3-BF4B-00C04F79EFBC}") = "YamHUB.AuthService", "YamHUB.AuthService\YamHUB.AuthService.csproj", "{047E3AD4-C86B-4794-AE7E-5BF38A0E4C8D}"
EndProject
Project("{FAE04EC0-301F-11D3-BF4B-00C04F79EFBC}") = "YamHUB.NotificationService", "YamHUB.NotificationService\YamHUB.NotificationService.csproj", "{F8E9442B-8A22-4E89-AC14-A558AB7E0C58}"
EndProject
Project("{FAE04EC0-301F-11D3-BF4B-00C04F79EFBC}") = "YamHUB.AppHost", "YamHUB.AppHost\YamHUB.AppHost.csproj", "{A683D908-B052-41B9-AEBB-26B2469258D6}"
EndProject
Project("{FAE04EC0-301F-11D3-BF4B-00C04F79EFBC}") = "CommonClasses", "CommonClasses\CommonClasses.csproj", "{AB2AC165-8A0C-46CF-B653-FE21121B1954}"
EndProject
Global
	GlobalSection(SolutionConfigurationPlatforms) = preSolution
		Debug|Any CPU = Debug|Any CPU
		Release|Any CPU = Release|Any CPU
	EndGlobalSection
	GlobalSection(ProjectConfigurationPlatforms) = postSolution
		{047E3AD4-C86B-4794-AE7E-5BF38A0E4C8D}.Debug|Any CPU.ActiveCfg = Debug|Any CPU
		{047E3AD4-C86B-4794-AE7E-5BF38A0E4C8D}.Debug|Any CPU.Build.0 = Debug|Any CPU
		{047E3AD4-C86B-4794-AE7E-5BF38A0E4C8D}.Release|Any CPU.ActiveCfg = Release|Any CPU
		{047E3AD4-C86B-4794-AE7E-5BF38A0E4C8D}.Release|Any CPU.Build.0 = Release|Any CPU
		{F8E9442B-8A22-4E89-AC14-A558AB7E0C58}.Debug|Any CPU.ActiveCfg = Debug|Any CPU
		{F8E9442B-8A22-4E89-AC14-A558AB7E0C58}.Debug|Any CPU.Build.0 = Debug|Any CPU
		{F8E9442B-8A22-4E89-AC14-A558AB7E0C58}.Release|Any CPU.ActiveCfg = Release|Any CPU
		{F8E9442B-8A22-4E89-AC14-A558AB7E0C58}.Release|Any CPU.Build.0 = Release|Any CPU
		{A683D908-B052-41B9-AEBB-26B2469258D6}.Debug|Any CPU.ActiveCfg = Debug|Any CPU
		{A683D908-B052-41B9-AEBB-26B2469258D6}.Debug|Any CPU.Build.0 = Debug|Any CPU
		{A683D908-B052-41B9-AEBB-26B2469258D6}.Release|Any CPU.ActiveCfg = Release|Any CPU
		{A683D908-B052-41B9-AEBB-26B2469258D6}.Release|Any CPU.Build.0 = Release|Any CPU
		{AB2AC165-8A0C-46CF-B653-FE21121B1954}.Debug|Any CPU.ActiveCfg = Debug|Any CPU
		{AB2AC165-8A0C-46CF-B653-FE21121B1954}.Debug|Any CPU.Build.0 = Debug|Any CPU
		{AB2AC165-8A0C-46CF-B653-FE21121B1954}.Release|Any CPU.ActiveCfg = Release|Any CPU
		{AB2AC165-8A0C-46CF-B653-FE21121B1954}.Release|Any CPU.Build.0 = Release|Any CPU
	EndGlobalSection
	GlobalSection(SolutionProperties) = preSolution
		HideSolutionNode = FALSE
	EndGlobalSection
	GlobalSection(ExtensibilityGlobals) = postSolution
		SolutionGuid = {7C3E3587-E429-4941-93B7-3B04262567C7}
	EndGlobalSection
EndGlobal
